
Microsoft Visual Studio Solution File, Format Version 12.00
Project("{FAE04EC0-301F-11D3-BF4B-00C04F79EFBC}") = "AuthenticationAndAuthorization.hasona23", "AuthenticationAndAuthorization.hasona23\AuthenticationAndAuthorization.hasona23.csproj", "{5BE9141D-2A5F-47E9-97C3-410B030B1F8B}"
EndProject
Global
	GlobalSection(SolutionConfigurationPlatforms) = preSolution
		Debug|Any CPU = Debug|Any CPU
		Release|Any CPU = Release|Any CPU
	EndGlobalSection
	GlobalSection(ProjectConfigurationPlatforms) = postSolution
		{5BE9141D-2A5F-47E9-97C3-410B030B1F8B}.Debug|Any CPU.ActiveCfg = Debug|Any CPU
		{5BE9141D-2A5F-47E9-97C3-410B030B1F8B}.Debug|Any CPU.Build.0 = Debug|Any CPU
		{5BE9141D-2A5F-47E9-97C3-410B030B1F8B}.Release|Any CPU.ActiveCfg = Release|Any CPU
		{5BE9141D-2A5F-47E9-97C3-410B030B1F8B}.Release|Any CPU.Build.0 = Release|Any CPU
	EndGlobalSection
EndGlobal
